
Microsoft Visual Studio Solution File, Format Version 12.00
# Visual Studio Version 16
VisualStudioVersion = 16.0.30709.132
MinimumVisualStudioVersion = 10.0.40219.1
Project("{9A19103F-16F7-4668-BE54-9A1E7A4F7556}") = "DigitalInsights.RatingCalculators.GoldRatingCalculator", "DigitalInsights.RatingCalculators.GoldRatingCalculator\DigitalInsights.RatingCalculators.GoldRatingCalculator.csproj", "{05B941A0-9D84-4B14-9926-B242A954D6C5}"
EndProject
Project("{2150E333-8FDC-42A3-9474-1A3956D46DE8}") = "Common", "Common", "{85ED1446-3390-4533-A87C-F2F1B99A7F2F}"
EndProject
Project("{2150E333-8FDC-42A3-9474-1A3956D46DE8}") = "Ratings", "Ratings", "{D27C8DC2-C5D7-407E-93EE-2CB960132ED3}"
EndProject
Project("{2150E333-8FDC-42A3-9474-1A3956D46DE8}") = "DataLoaders", "DataLoaders", "{FCE93F26-D12F-4AAB-AB0B-A4F980F4DB10}"
EndProject
Project("{9A19103F-16F7-4668-BE54-9A1E7A4F7556}") = "DigitalInsights.Common", "..\Common\DigitalInsights.Common\DigitalInsights.Common.csproj", "{98C473EA-F503-430D-B6C5-BC3A5F508CEF}"
EndProject
Project("{9A19103F-16F7-4668-BE54-9A1E7A4F7556}") = "DigitalInsights.DataLoaders.Gold.SilverLoader", "DigitalInsights.DataLoaders.Gold.SilverLoader\DigitalInsights.DataLoaders.Gold.SilverLoader.csproj", "{3785068E-897E-4394-82A6-976524EF6061}"
EndProject
Project("{2150E333-8FDC-42A3-9474-1A3956D46DE8}") = "DB", "DB", "{FE15A932-D71D-40B7-83A5-22BDD8BA7ECB}"
EndProject
Project("{9A19103F-16F7-4668-BE54-9A1E7A4F7556}") = "DigitalInsights.RatingModels.WeightedSumModels", "DigitalInsights.RatingModels.WeightedSumModels\DigitalInsights.RatingModels.WeightedSumModels.csproj", "{A67A2310-DD45-447C-AB81-1B83A316A4C0}"
EndProject
Project("{9A19103F-16F7-4668-BE54-9A1E7A4F7556}") = "DigitalInsights.DB.Gold", "..\DB\DigitalInsights.DB.Gold\DigitalInsights.DB.Gold.csproj", "{17C39974-D56F-42F8-A55D-765E23B2A3E5}"
EndProject
Project("{9A19103F-16F7-4668-BE54-9A1E7A4F7556}") = "DigitalInsights.DB.Silver", "..\DB\DigitalInsights.DB.Silver\DigitalInsights.DB.Silver.csproj", "{F9622C25-135C-48F5-B4C1-6D1647F4E241}"
EndProject
Global
	GlobalSection(SolutionConfigurationPlatforms) = preSolution
		Debug|Any CPU = Debug|Any CPU
		Release|Any CPU = Release|Any CPU
	EndGlobalSection
	GlobalSection(ProjectConfigurationPlatforms) = postSolution
		{05B941A0-9D84-4B14-9926-B242A954D6C5}.Debug|Any CPU.ActiveCfg = Debug|Any CPU
		{05B941A0-9D84-4B14-9926-B242A954D6C5}.Debug|Any CPU.Build.0 = Debug|Any CPU
		{05B941A0-9D84-4B14-9926-B242A954D6C5}.Release|Any CPU.ActiveCfg = Release|Any CPU
		{05B941A0-9D84-4B14-9926-B242A954D6C5}.Release|Any CPU.Build.0 = Release|Any CPU
		{98C473EA-F503-430D-B6C5-BC3A5F508CEF}.Debug|Any CPU.ActiveCfg = Debug|Any CPU
		{98C473EA-F503-430D-B6C5-BC3A5F508CEF}.Debug|Any CPU.Build.0 = Debug|Any CPU
		{98C473EA-F503-430D-B6C5-BC3A5F508CEF}.Release|Any CPU.ActiveCfg = Release|Any CPU
		{98C473EA-F503-430D-B6C5-BC3A5F508CEF}.Release|Any CPU.Build.0 = Release|Any CPU
		{3785068E-897E-4394-82A6-976524EF6061}.Debug|Any CPU.ActiveCfg = Debug|Any CPU
		{3785068E-897E-4394-82A6-976524EF6061}.Debug|Any CPU.Build.0 = Debug|Any CPU
		{3785068E-897E-4394-82A6-976524EF6061}.Release|Any CPU.ActiveCfg = Release|Any CPU
		{3785068E-897E-4394-82A6-976524EF6061}.Release|Any CPU.Build.0 = Release|Any CPU
		{A67A2310-DD45-447C-AB81-1B83A316A4C0}.Debug|Any CPU.ActiveCfg = Debug|Any CPU
		{A67A2310-DD45-447C-AB81-1B83A316A4C0}.Debug|Any CPU.Build.0 = Debug|Any CPU
		{A67A2310-DD45-447C-AB81-1B83A316A4C0}.Release|Any CPU.ActiveCfg = Release|Any CPU
		{A67A2310-DD45-447C-AB81-1B83A316A4C0}.Release|Any CPU.Build.0 = Release|Any CPU
		{17C39974-D56F-42F8-A55D-765E23B2A3E5}.Debug|Any CPU.ActiveCfg = Debug|Any CPU
		{17C39974-D56F-42F8-A55D-765E23B2A3E5}.Debug|Any CPU.Build.0 = Debug|Any CPU
		{17C39974-D56F-42F8-A55D-765E23B2A3E5}.Release|Any CPU.ActiveCfg = Release|Any CPU
		{17C39974-D56F-42F8-A55D-765E23B2A3E5}.Release|Any CPU.Build.0 = Release|Any CPU
		{F9622C25-135C-48F5-B4C1-6D1647F4E241}.Debug|Any CPU.ActiveCfg = Debug|Any CPU
		{F9622C25-135C-48F5-B4C1-6D1647F4E241}.Debug|Any CPU.Build.0 = Debug|Any CPU
		{F9622C25-135C-48F5-B4C1-6D1647F4E241}.Release|Any CPU.ActiveCfg = Release|Any CPU
		{F9622C25-135C-48F5-B4C1-6D1647F4E241}.Release|Any CPU.Build.0 = Release|Any CPU
	EndGlobalSection
	GlobalSection(SolutionProperties) = preSolution
		HideSolutionNode = FALSE
	EndGlobalSection
	GlobalSection(NestedProjects) = preSolution
		{05B941A0-9D84-4B14-9926-B242A954D6C5} = {D27C8DC2-C5D7-407E-93EE-2CB960132ED3}
		{98C473EA-F503-430D-B6C5-BC3A5F508CEF} = {85ED1446-3390-4533-A87C-F2F1B99A7F2F}
		{3785068E-897E-4394-82A6-976524EF6061} = {FCE93F26-D12F-4AAB-AB0B-A4F980F4DB10}
		{A67A2310-DD45-447C-AB81-1B83A316A4C0} = {D27C8DC2-C5D7-407E-93EE-2CB960132ED3}
		{17C39974-D56F-42F8-A55D-765E23B2A3E5} = {FE15A932-D71D-40B7-83A5-22BDD8BA7ECB}
		{F9622C25-135C-48F5-B4C1-6D1647F4E241} = {FE15A932-D71D-40B7-83A5-22BDD8BA7ECB}
	EndGlobalSection
	GlobalSection(ExtensibilityGlobals) = postSolution
		SolutionGuid = {3A56D719-1089-48CB-9828-EF552B7332C3}
	EndGlobalSection
EndGlobal
